{
    "name": "@symatem/ui",
    "version": "0.0.1",
    "lockfileVersion": 1,
    "requires": true,
    "dependencies": {
        "SvgPanels": {
            "version": "git+https://github.com/Symatem/SvgPanels.git#19f711257219bf297c7a161e246714b28d6bbb27",
            "from": "git+https://github.com/Symatem/SvgPanels.git"
        },
        "SymatemJS": {
            "version": "git+https://github.com/Symatem/SymatemJS.git#7602dbd4f39976728ae3f146643e7374d00829a1",
            "from": "git+https://github.com/Symatem/SymatemJS.git"
        }
    }
}
